
Microsoft Visual Studio Solution File, Format Version 12.00
# Visual Studio Version 16
VisualStudioVersion = 16.0.30011.22
MinimumVisualStudioVersion = 10.0.40219.1
Project("{FAE04EC0-301F-11D3-BF4B-00C04F79EFBC}") = "Calabonga.Microservices.BackgroundWorkers", "Calabonga.Microservices.BackgroundWorkers\Calabonga.Microservices.BackgroundWorkers\Calabonga.Microservices.BackgroundWorkers.csproj", "{3178D900-A6B7-4666-8587-A62FA05B159C}"
EndProject
Global
	GlobalSection(SolutionConfigurationPlatforms) = preSolution
		Debug|Any CPU = Debug|Any CPU
		Release|Any CPU = Release|Any CPU
	EndGlobalSection
	GlobalSection(ProjectConfigurationPlatforms) = postSolution
		{3178D900-A6B7-4666-8587-A62FA05B159C}.Debug|Any CPU.ActiveCfg = Debug|Any CPU
		{3178D900-A6B7-4666-8587-A62FA05B159C}.Debug|Any CPU.Build.0 = Debug|Any CPU
		{3178D900-A6B7-4666-8587-A62FA05B159C}.Release|Any CPU.ActiveCfg = Release|Any CPU
		{3178D900-A6B7-4666-8587-A62FA05B159C}.Release|Any CPU.Build.0 = Release|Any CPU
	EndGlobalSection
	GlobalSection(SolutionProperties) = preSolution
		HideSolutionNode = FALSE
	EndGlobalSection
	GlobalSection(ExtensibilityGlobals) = postSolution
		SolutionGuid = {68114BBA-A2D4-452A-90FB-A2056FAAA4B1}
	EndGlobalSection
EndGlobal
